
Microsoft Visual Studio Solution File, Format Version 12.00
# Visual Studio 2013
VisualStudioVersion = 12.0.40629.0
MinimumVisualStudioVersion = 10.0.40219.1
Project("{FAE04EC0-301F-11D3-BF4B-00C04F79EFBC}") = "Client", "Client\Client.csproj", "{54337D7F-DB56-489B-8B48-2DBBB09D26A9}"
EndProject
Project("{FAE04EC0-301F-11D3-BF4B-00C04F79EFBC}") = "BAG.Models", "BAG.Models\BAG.Models.csproj", "{94B87FD3-9ED3-450A-85B3-D5355DC6CD2B}"
EndProject
Project("{FAE04EC0-301F-11D3-BF4B-00C04F79EFBC}") = "BAG.BusinessLogic", "BusinessLogic\BAG.BusinessLogic.csproj", "{1715FA9B-278A-473C-BA49-20690E7BC623}"
EndProject
Global
	GlobalSection(SolutionConfigurationPlatforms) = preSolution
		Debug|Any CPU = Debug|Any CPU
		Release|Any CPU = Release|Any CPU
	EndGlobalSection
	GlobalSection(ProjectConfigurationPlatforms) = postSolution
		{54337D7F-DB56-489B-8B48-2DBBB09D26A9}.Debug|Any CPU.ActiveCfg = Debug|Any CPU
		{54337D7F-DB56-489B-8B48-2DBBB09D26A9}.Debug|Any CPU.Build.0 = Debug|Any CPU
		{54337D7F-DB56-489B-8B48-2DBBB09D26A9}.Release|Any CPU.ActiveCfg = Release|Any CPU
		{54337D7F-DB56-489B-8B48-2DBBB09D26A9}.Release|Any CPU.Build.0 = Release|Any CPU
		{94B87FD3-9ED3-450A-85B3-D5355DC6CD2B}.Debug|Any CPU.ActiveCfg = Debug|Any CPU
		{94B87FD3-9ED3-450A-85B3-D5355DC6CD2B}.Debug|Any CPU.Build.0 = Debug|Any CPU
		{94B87FD3-9ED3-450A-85B3-D5355DC6CD2B}.Release|Any CPU.ActiveCfg = Release|Any CPU
		{94B87FD3-9ED3-450A-85B3-D5355DC6CD2B}.Release|Any CPU.Build.0 = Release|Any CPU
		{1715FA9B-278A-473C-BA49-20690E7BC623}.Debug|Any CPU.ActiveCfg = Debug|Any CPU
		{1715FA9B-278A-473C-BA49-20690E7BC623}.Debug|Any CPU.Build.0 = Debug|Any CPU
		{1715FA9B-278A-473C-BA49-20690E7BC623}.Release|Any CPU.ActiveCfg = Release|Any CPU
		{1715FA9B-278A-473C-BA49-20690E7BC623}.Release|Any CPU.Build.0 = Release|Any CPU
	EndGlobalSection
	GlobalSection(SolutionProperties) = preSolution
		HideSolutionNode = FALSE
	EndGlobalSection
EndGlobal
